PODS:
  - Flutter (1.0.0)
  - integration_test (0.0.1):
    - Flutter
  - mapbox_maps_flutter (0.5.0-v11):
    - Flutter
    - MapboxMaps (= 11.0.0-rc.2)
  - MapboxCommon (24.0.0-rc.3)
  - MapboxCoreMaps (11.0.0-rc.2):
    - MapboxCommon (~> 24.0.0-rc)
  - MapboxMaps (11.0.0-rc.2):
    - MapboxCommon (= 24.0.0-rc.3)
    - MapboxCoreMaps (= 11.0.0-rc.2)
    - Turf (= 2.7.0)
  - permission_handler_apple (9.0.4):
    - Flutter
  - Turf (2.7.0)

DEPENDENCIES:
  - Flutter (from `Flutter`)
  - integration_test (from `.symlinks/plugins/integration_test/ios`)
  - mapbox_maps_flutter (from `.symlinks/plugins/mapbox_maps_flutter/ios`)
  - permission_handler_apple (from `.symlinks/plugins/permission_handler_apple/ios`)

SPEC REPOS:
  trunk:
    - MapboxCommon
    - MapboxCoreMaps
    - MapboxMaps
    - Turf

EXTERNAL SOURCES:
  Flutter:
    :path: Flutter
  integration_test:
    :path: ".symlinks/plugins/integration_test/ios"
  mapbox_maps_flutter:
    :path: ".symlinks/plugins/mapbox_maps_flutter/ios"
  permission_handler_apple:
    :path: ".symlinks/plugins/permission_handler_apple/ios"

SPEC CHECKSUMS:
  Flutter: f04841e97a9d0b0a8025694d0796dd46242b2854
  integration_test: 13825b8a9334a850581300559b8839134b124670
  mapbox_maps_flutter: 485a30662fab264870fab8fefe722966df4ce782
  MapboxCommon: 83d2a8c99744edb3bf4226d7690c5be717f5f885
  MapboxCoreMaps: fc5a4f9af41493d030d8a16fbb9b134b3f6650b7
  MapboxMaps: 8f258f962b8025bd78fa61453c92ff44fda275d7
  permission_handler_apple: 44366e37eaf29454a1e7b1b7d736c2cceaeb17ce
  Turf: 13d1a92d969ca0311bbc26e8356cca178ce95da2

PODFILE CHECKSUM: b3192822a93c0d8045ea3b93674ed183e8ddffc6

COCOAPODS: 1.14.2
