PODS:
  - Flutter (1.0.0)
  - integration_test (0.0.1):
    - Flutter
  - mapbox_maps_flutter (0.5.0):
    - Flutter
    - MapboxMaps (= 11.0.0-beta.2)
  - MapboxCommon (24.0.0-beta.3)
  - MapboxCoreMaps (11.0.0-beta.3):
    - MapboxCommon (~> 24.0.0-beta)
  - MapboxMaps (11.0.0-beta.2):
    - MapboxCommon (= 24.0.0-beta.3)
    - MapboxCoreMaps (= 11.0.0-beta.3)
    - Turf (= 2.6.1)
  - permission_handler_apple (9.0.4):
    - Flutter
  - Turf (2.6.1)

DEPENDENCIES:
  - Flutter (from `Flutter`)
  - integration_test (from `.symlinks/plugins/integration_test/ios`)
  - mapbox_maps_flutter (from `.symlinks/plugins/mapbox_maps_flutter/ios`)
  - permission_handler_apple (from `.symlinks/plugins/permission_handler_apple/ios`)

SPEC REPOS:
  trunk:
    - MapboxCommon
    - MapboxCoreMaps
    - MapboxMaps
    - Turf

EXTERNAL SOURCES:
  Flutter:
    :path: Flutter
  integration_test:
    :path: ".symlinks/plugins/integration_test/ios"
  mapbox_maps_flutter:
    :path: ".symlinks/plugins/mapbox_maps_flutter/ios"
  permission_handler_apple:
    :path: ".symlinks/plugins/permission_handler_apple/ios"

SPEC CHECKSUMS:
  Flutter: f04841e97a9d0b0a8025694d0796dd46242b2854
  integration_test: 13825b8a9334a850581300559b8839134b124670
  mapbox_maps_flutter: bd51a9349d6153f79fa2971e17369021a500d4ed
  MapboxCommon: 8f44b22c616b9dae2e8ce4461e9cb46713e3a5c2
  MapboxCoreMaps: a9183130b1ec1978fd42edf8e8a1ed3b439b50cd
  MapboxMaps: 142bae2bd5f4abf877f22fb75ab7b51a2f9ee81e
  permission_handler_apple: 44366e37eaf29454a1e7b1b7d736c2cceaeb17ce
  Turf: 469ce2c3d22e5e8e4818d5a3b254699a5c89efa4

PODFILE CHECKSUM: b3192822a93c0d8045ea3b93674ed183e8ddffc6

COCOAPODS: 1.14.2
